// !$*UTF8*$!
{
	archiveVersion = 1;
	classes = {
	};
	objectVersion = 56;
	objects = {

/* Begin PBXBuildFile section */
		4E4776732AAC4D17009B834C /* Table.swift in Sources */ = {isa = PBXBuildFile; fileRef = 4E4776722AAC4D17009B834C /* Table.swift */; };
		4E4776772AAC4D94009B834C /* TablesAPICall.swift in Sources */ = {isa = PBXBuildFile; fileRef = 4E4776762AAC4D94009B834C /* TablesAPICall.swift */; };
		4E4776792AAC4D9F009B834C /* SingleTableAPICall.swift in Sources */ = {isa = PBXBuildFile; fileRef = 4E4776782AAC4D9F009B834C /* SingleTableAPICall.swift */; };
		4E47767D2AAC4EBB009B834C /* TeamsAPICall.swift in Sources */ = {isa = PBXBuildFile; fileRef = 4E47767C2AAC4EBB009B834C /* TeamsAPICall.swift */; };
		4E47767F2AAC4EC7009B834C /* SingleTeamAPICall.swift in Sources */ = {isa = PBXBuildFile; fileRef = 4E47767E2AAC4EC7009B834C /* SingleTeamAPICall.swift */; };
		4E4776812AAC4EEB009B834C /* Team.swift in Sources */ = {isa = PBXBuildFile; fileRef = 4E4776802AAC4EEB009B834C /* Team.swift */; };
		4E4776832AAC51DA009B834C /* LeagueTable.swift in Sources */ = {isa = PBXBuildFile; fileRef = 4E4776822AAC51DA009B834C /* LeagueTable.swift */; };
		4E4776872AAC5362009B834C /* TeamView.swift in Sources */ = {isa = PBXBuildFile; fileRef = 4E4776862AAC5362009B834C /* TeamView.swift */; };
		4E47768A2AADB432009B834C /* MatchCard.swift in Sources */ = {isa = PBXBuildFile; fileRef = 4E4776892AADB432009B834C /* MatchCard.swift */; };
		4E47768C2AADD9EF009B834C /* PlayersAPICall.swift in Sources */ = {isa = PBXBuildFile; fileRef = 4E47768B2AADD9EF009B834C /* PlayersAPICall.swift */; };
		4E47768E2AADDA15009B834C /* Player.swift in Sources */ = {isa = PBXBuildFile; fileRef = 4E47768D2AADDA15009B834C /* Player.swift */; };
		4E92E0752AA90567005879E6 /* String.swift in Sources */ = {isa = PBXBuildFile; fileRef = 4E92E0742AA90567005879E6 /* String.swift */; };
		4E92E0772AA90641005879E6 /* WebView.swift in Sources */ = {isa = PBXBuildFile; fileRef = 4E92E0762AA90641005879E6 /* WebView.swift */; };
		4E9FC3252AA49FB40078A28F /* AMPApp.swift in Sources */ = {isa = PBXBuildFile; fileRef = 4E9FC3242AA49FB40078A28F /* AMPApp.swift */; };
		4E9FC3272AA49FB40078A28F /* ContentView.swift in Sources */ = {isa = PBXBuildFile; fileRef = 4E9FC3262AA49FB40078A28F /* ContentView.swift */; };
		4E9FC3292AA49FB80078A28F /* Assets.xcassets in Resources */ = {isa = PBXBuildFile; fileRef = 4E9FC3282AA49FB80078A28F /* Assets.xcassets */; };
		4E9FC32C2AA49FB80078A28F /* Preview Assets.xcassets in Resources */ = {isa = PBXBuildFile; fileRef = 4E9FC32B2AA49FB80078A28F /* Preview Assets.xcassets */; };
		4E9FC3312AA49FB80078A28F /* AMP.xcdatamodeld in Sources */ = {isa = PBXBuildFile; fileRef = 4E9FC32F2AA49FB80078A28F /* AMP.xcdatamodeld */; };
		4E9FC3392AA4A1490078A28F /* GoogleService-Info.plist in Resources */ = {isa = PBXBuildFile; fileRef = 4E9FC3382AA4A1490078A28F /* GoogleService-Info.plist */; };
		4E9FC33B2AA4A35F0078A28F /* AppDelegate.swift in Sources */ = {isa = PBXBuildFile; fileRef = 4E9FC33A2AA4A35F0078A28F /* AppDelegate.swift */; };
		4E9FC33E2AA4A5390078A28F /* FirebaseAnalytics in Frameworks */ = {isa = PBXBuildFile; productRef = 4E9FC33D2AA4A5390078A28F /* FirebaseAnalytics */; };
		4E9FC3402AA4A5390078A28F /* FirebaseMessaging in Frameworks */ = {isa = PBXBuildFile; productRef = 4E9FC33F2AA4A5390078A28F /* FirebaseMessaging */; };
		4E9FC3442AA4BA7C0078A28F /* DeepLinker.swift in Sources */ = {isa = PBXBuildFile; fileRef = 4E9FC3432AA4BA7C0078A28F /* DeepLinker.swift */; };
		4E9FC3482AA4BCA60078A28F /* Home.swift in Sources */ = {isa = PBXBuildFile; fileRef = 4E9FC3472AA4BCA60078A28F /* Home.swift */; };
		4E9FC34A2AA4C5300078A28F /* Matchs.swift in Sources */ = {isa = PBXBuildFile; fileRef = 4E9FC3492AA4C5300078A28F /* Matchs.swift */; };
		4E9FC34C2AA4C5800078A28F /* League.swift in Sources */ = {isa = PBXBuildFile; fileRef = 4E9FC34B2AA4C5800078A28F /* League.swift */; };
		4E9FC34E2AA4C5AC0078A28F /* News.swift in Sources */ = {isa = PBXBuildFile; fileRef = 4E9FC34D2AA4C5AC0078A28F /* News.swift */; };
		4E9FC3502AA4C5CC0078A28F /* Settings.swift in Sources */ = {isa = PBXBuildFile; fileRef = 4E9FC34F2AA4C5CC0078A28F /* Settings.swift */; };
		4E9FC3522AA4D7830078A28F /* InvalidView.swift in Sources */ = {isa = PBXBuildFile; fileRef = 4E9FC3512AA4D7830078A28F /* InvalidView.swift */; };
		4E9FC35A2AA4DBE50078A28F /* Match.swift in Sources */ = {isa = PBXBuildFile; fileRef = 4E9FC3592AA4DBE50078A28F /* Match.swift */; };
		4E9FC35C2AA4DC390078A28F /* MatchsAPICall.swift in Sources */ = {isa = PBXBuildFile; fileRef = 4E9FC35B2AA4DC390078A28F /* MatchsAPICall.swift */; };
		4E9FC35E2AA4E4250078A28F /* MatchDetail.swift in Sources */ = {isa = PBXBuildFile; fileRef = 4E9FC35D2AA4E4250078A28F /* MatchDetail.swift */; };
		4E9FC3602AA4E7830078A28F /* NavigationRouter.swift in Sources */ = {isa = PBXBuildFile; fileRef = 4E9FC35F2AA4E7830078A28F /* NavigationRouter.swift */; };
		4E9FC3622AA4E7B20078A28F /* Route.swift in Sources */ = {isa = PBXBuildFile; fileRef = 4E9FC3612AA4E7B20078A28F /* Route.swift */; };
		4E9FC3642AA518640078A28F /* RouteFinder.swift in Sources */ = {isa = PBXBuildFile; fileRef = 4E9FC3632AA518640078A28F /* RouteFinder.swift */; };
		4E9FC3692AA62BC60078A28F /* Kingfisher in Frameworks */ = {isa = PBXBuildFile; productRef = 4E9FC3682AA62BC60078A28F /* Kingfisher */; };
		4E9FC36B2AA62D1F0078A28F /* Functions.swift in Sources */ = {isa = PBXBuildFile; fileRef = 4E9FC36A2AA62D1F0078A28F /* Functions.swift */; };
		4E9FC36D2AA6383F0078A28F /* SingleMatchsAPICall.swift in Sources */ = {isa = PBXBuildFile; fileRef = 4E9FC36C2AA6383F0078A28F /* SingleMatchsAPICall.swift */; };
		4E9FC36F2AA647B90078A28F /* Post.swift in Sources */ = {isa = PBXBuildFile; fileRef = 4E9FC36E2AA647B90078A28F /* Post.swift */; };
		4E9FC3712AA647F00078A28F /* PostsAPICall.swift in Sources */ = {isa = PBXBuildFile; fileRef = 4E9FC3702AA647F00078A28F /* PostsAPICall.swift */; };
		4E9FC3732AA648E50078A28F /* NewsDetail.swift in Sources */ = {isa = PBXBuildFile; fileRef = 4E9FC3722AA648E50078A28F /* NewsDetail.swift */; };
		4E9FC3752AA742130078A28F /* SinglePostsAPICall.swift in Sources */ = {isa = PBXBuildFile; fileRef = 4E9FC3742AA742130078A28F /* SinglePostsAPICall.swift */; };
		4E9FC3782AA74D8F0078A28F /* LaunchScreenView.swift in Sources */ = {isa = PBXBuildFile; fileRef = 4E9FC3772AA74D8F0078A28F /* LaunchScreenView.swift */; };
		4E9FC37E2AA7559B0078A28F /* LeaguesAPICall.swift in Sources */ = {isa = PBXBuildFile; fileRef = 4E9FC37D2AA7559B0078A28F /* LeaguesAPICall.swift */; };
		4E9FC3802AA756130078A28F /* LeagueData.swift in Sources */ = {isa = PBXBuildFile; fileRef = 4E9FC37F2AA756130078A28F /* LeagueData.swift */; };
		4E9FC38E2AA7B6050078A28F /* Roboto-Italic.ttf in Resources */ = {isa = PBXBuildFile; fileRef = 4E9FC3822AA7B6040078A28F /* Roboto-Italic.ttf */; };
		4E9FC38F2AA7B6050078A28F /* Roboto-Bold.ttf in Resources */ = {isa = PBXBuildFile; fileRef = 4E9FC3832AA7B6040078A28F /* Roboto-Bold.ttf */; };
		4E9FC3902AA7B6050078A28F /* Roboto-Medium.ttf in Resources */ = {isa = PBXBuildFile; fileRef = 4E9FC3842AA7B6040078A28F /* Roboto-Medium.ttf */; };
		4E9FC3912AA7B6050078A28F /* Roboto-MediumItalic.ttf in Resources */ = {isa = PBXBuildFile; fileRef = 4E9FC3852AA7B6040078A28F /* Roboto-MediumItalic.ttf */; };
		4E9FC3922AA7B6050078A28F /* Roboto-Black.ttf in Resources */ = {isa = PBXBuildFile; fileRef = 4E9FC3862AA7B6040078A28F /* Roboto-Black.ttf */; };
		4E9FC3932AA7B6050078A28F /* Roboto-Regular.ttf in Resources */ = {isa = PBXBuildFile; fileRef = 4E9FC3872AA7B6040078A28F /* Roboto-Regular.ttf */; };
		4E9FC3942AA7B6050078A28F /* Roboto-Thin.ttf in Resources */ = {isa = PBXBuildFile; fileRef = 4E9FC3882AA7B6040078A28F /* Roboto-Thin.ttf */; };
		4E9FC3952AA7B6050078A28F /* Roboto-BlackItalic.ttf in Resources */ = {isa = PBXBuildFile; fileRef = 4E9FC3892AA7B6040078A28F /* Roboto-BlackItalic.ttf */; };
		4E9FC3962AA7B6050078A28F /* Roboto-ThinItalic.ttf in Resources */ = {isa = PBXBuildFile; fileRef = 4E9FC38A2AA7B6040078A28F /* Roboto-ThinItalic.ttf */; };
		4E9FC3972AA7B6050078A28F /* Roboto-BoldItalic.ttf in Resources */ = {isa = PBXBuildFile; fileRef = 4E9FC38B2AA7B6050078A28F /* Roboto-BoldItalic.ttf */; };
		4E9FC3982AA7B6050078A28F /* Roboto-LightItalic.ttf in Resources */ = {isa = PBXBuildFile; fileRef = 4E9FC38C2AA7B6050078A28F /* Roboto-LightItalic.ttf */; };
		4E9FC3992AA7B6050078A28F /* Roboto-Light.ttf in Resources */ = {isa = PBXBuildFile; fileRef = 4E9FC38D2AA7B6050078A28F /* Roboto-Light.ttf */; };
		4E9FC39C2AA7B95E0078A28F /* SwiftSoup in Frameworks */ = {isa = PBXBuildFile; productRef = 4E9FC39B2AA7B95E0078A28F /* SwiftSoup */; };
		4EFB86122AA89F1C0037B79D /* WebView in Frameworks */ = {isa = PBXBuildFile; productRef = 4EFB86112AA89F1C0037B79D /* WebView */; };
		4EFB86152AA8AEF10037B79D /* Navbar.swift in Sources */ = {isa = PBXBuildFile; fileRef = 4EFB86142AA8AEF10037B79D /* Navbar.swift */; };
		4EFB86172AA8B6D70037B79D /* NavbarNews.swift in Sources */ = {isa = PBXBuildFile; fileRef = 4EFB86162AA8B6D70037B79D /* NavbarNews.swift */; };
/* End PBXBuildFile section */

/* Begin PBXFileReference section */
		4E4776722AAC4D17009B834C /* Table.swift */ = {isa = PBXFileReference; lastKnownFileType = sourcecode.swift; path = Table.swift; sourceTree = "<group>"; };
		4E4776762AAC4D94009B834C /* TablesAPICall.swift */ = {isa = PBXFileReference; lastKnownFileType = sourcecode.swift; path = TablesAPICall.swift; sourceTree = "<group>"; };
		4E4776782AAC4D9F009B834C /* SingleTableAPICall.swift */ = {isa = PBXFileReference; lastKnownFileType = sourcecode.swift; path = SingleTableAPICall.swift; sourceTree = "<group>"; };
		4E47767C2AAC4EBB009B834C /* TeamsAPICall.swift */ = {isa = PBXFileReference; lastKnownFileType = sourcecode.swift; path = TeamsAPICall.swift; sourceTree = "<group>"; };
		4E47767E2AAC4EC7009B834C /* SingleTeamAPICall.swift */ = {isa = PBXFileReference; lastKnownFileType = sourcecode.swift; path = SingleTeamAPICall.swift; sourceTree = "<group>"; };
		4E4776802AAC4EEB009B834C /* Team.swift */ = {isa = PBXFileReference; lastKnownFileType = sourcecode.swift; path = Team.swift; sourceTree = "<group>"; };
		4E4776822AAC51DA009B834C /* LeagueTable.swift */ = {isa = PBXFileReference; lastKnownFileType = sourcecode.swift; path = LeagueTable.swift; sourceTree = "<group>"; };
		4E4776862AAC5362009B834C /* TeamView.swift */ = {isa = PBXFileReference; lastKnownFileType = sourcecode.swift; path = TeamView.swift; sourceTree = "<group>"; };
		4E4776892AADB432009B834C /* MatchCard.swift */ = {isa = PBXFileReference; lastKnownFileType = sourcecode.swift; path = MatchCard.swift; sourceTree = "<group>"; };
		4E47768B2AADD9EF009B834C /* PlayersAPICall.swift */ = {isa = PBXFileReference; lastKnownFileType = sourcecode.swift; path = PlayersAPICall.swift; sourceTree = "<group>"; };
		4E47768D2AADDA15009B834C /* Player.swift */ = {isa = PBXFileReference; lastKnownFileType = sourcecode.swift; path = Player.swift; sourceTree = "<group>"; };
		4E92E0742AA90567005879E6 /* String.swift */ = {isa = PBXFileReference; lastKnownFileType = sourcecode.swift; path = String.swift; sourceTree = "<group>"; };
		4E92E0762AA90641005879E6 /* WebView.swift */ = {isa = PBXFileReference; lastKnownFileType = sourcecode.swift; path = WebView.swift; sourceTree = "<group>"; };
		4E9FC3212AA49FB40078A28F /* AMP.app */ = {isa = PBXFileReference; explicitFileType = wrapper.application; includeInIndex = 0; path = AMP.app; sourceTree = BUILT_PRODUCTS_DIR; };
		4E9FC3242AA49FB40078A28F /* AMPApp.swift */ = {isa = PBXFileReference; lastKnownFileType = sourcecode.swift; path = AMPApp.swift; sourceTree = "<group>"; };
		4E9FC3262AA49FB40078A28F /* ContentView.swift */ = {isa = PBXFileReference; lastKnownFileType = sourcecode.swift; path = ContentView.swift; sourceTree = "<group>"; };
		4E9FC3282AA49FB80078A28F /* Assets.xcassets */ = {isa = PBXFileReference; lastKnownFileType = folder.assetcatalog; path = Assets.xcassets; sourceTree = "<group>"; };
		4E9FC32B2AA49FB80078A28F /* Preview Assets.xcassets */ = {isa = PBXFileReference; lastKnownFileType = folder.assetcatalog; path = "Preview Assets.xcassets"; sourceTree = "<group>"; };
		4E9FC3302AA49FB80078A28F /* AMP.xcdatamodel */ = {isa = PBXFileReference; lastKnownFileType = wrapper.xcdatamodel; path = AMP.xcdatamodel; sourceTree = "<group>"; };
		4E9FC3322AA49FB80078A28F /* Info.plist */ = {isa = PBXFileReference; lastKnownFileType = text.plist.xml; path = Info.plist; sourceTree = "<group>"; };
		4E9FC3382AA4A1490078A28F /* GoogleService-Info.plist */ = {isa = PBXFileReference; fileEncoding = 4; lastKnownFileType = text.plist.xml; path = "GoogleService-Info.plist"; sourceTree = "<group>"; };
		4E9FC33A2AA4A35F0078A28F /* AppDelegate.swift */ = {isa = PBXFileReference; lastKnownFileType = sourcecode.swift; path = AppDelegate.swift; sourceTree = "<group>"; };
		4E9FC3412AA4A6D40078A28F /* AMP.entitlements */ = {isa = PBXFileReference; lastKnownFileType = text.plist.entitlements; path = AMP.entitlements; sourceTree = "<group>"; };
		4E9FC3432AA4BA7C0078A28F /* DeepLinker.swift */ = {isa = PBXFileReference; lastKnownFileType = sourcecode.swift; path = DeepLinker.swift; sourceTree = "<group>"; };
		4E9FC3472AA4BCA60078A28F /* Home.swift */ = {isa = PBXFileReference; lastKnownFileType = sourcecode.swift; path = Home.swift; sourceTree = "<group>"; };
		4E9FC3492AA4C5300078A28F /* Matchs.swift */ = {isa = PBXFileReference; lastKnownFileType = sourcecode.swift; path = Matchs.swift; sourceTree = "<group>"; };
		4E9FC34B2AA4C5800078A28F /* League.swift */ = {isa = PBXFileReference; lastKnownFileType = sourcecode.swift; path = League.swift; sourceTree = "<group>"; };
		4E9FC34D2AA4C5AC0078A28F /* News.swift */ = {isa = PBXFileReference; lastKnownFileType = sourcecode.swift; path = News.swift; sourceTree = "<group>"; };
		4E9FC34F2AA4C5CC0078A28F /* Settings.swift */ = {isa = PBXFileReference; lastKnownFileType = sourcecode.swift; path = Settings.swift; sourceTree = "<group>"; };
		4E9FC3512AA4D7830078A28F /* InvalidView.swift */ = {isa = PBXFileReference; lastKnownFileType = sourcecode.swift; path = InvalidView.swift; sourceTree = "<group>"; };
		4E9FC3592AA4DBE50078A28F /* Match.swift */ = {isa = PBXFileReference; lastKnownFileType = sourcecode.swift; path = Match.swift; sourceTree = "<group>"; };
		4E9FC35B2AA4DC390078A28F /* MatchsAPICall.swift */ = {isa = PBXFileReference; lastKnownFileType = sourcecode.swift; path = MatchsAPICall.swift; sourceTree = "<group>"; };
		4E9FC35D2AA4E4250078A28F /* MatchDetail.swift */ = {isa = PBXFileReference; lastKnownFileType = sourcecode.swift; path = MatchDetail.swift; sourceTree = "<group>"; };
		4E9FC35F2AA4E7830078A28F /* NavigationRouter.swift */ = {isa = PBXFileReference; lastKnownFileType = sourcecode.swift; path = NavigationRouter.swift; sourceTree = "<group>"; };
		4E9FC3612AA4E7B20078A28F /* Route.swift */ = {isa = PBXFileReference; lastKnownFileType = sourcecode.swift; path = Route.swift; sourceTree = "<group>"; };
		4E9FC3632AA518640078A28F /* RouteFinder.swift */ = {isa = PBXFileReference; lastKnownFileType = sourcecode.swift; path = RouteFinder.swift; sourceTree = "<group>"; };
		4E9FC36A2AA62D1F0078A28F /* Functions.swift */ = {isa = PBXFileReference; lastKnownFileType = sourcecode.swift; path = Functions.swift; sourceTree = "<group>"; };
		4E9FC36C2AA6383F0078A28F /* SingleMatchsAPICall.swift */ = {isa = PBXFileReference; lastKnownFileType = sourcecode.swift; path = SingleMatchsAPICall.swift; sourceTree = "<group>"; };
		4E9FC36E2AA647B90078A28F /* Post.swift */ = {isa = PBXFileReference; lastKnownFileType = sourcecode.swift; path = Post.swift; sourceTree = "<group>"; };
		4E9FC3702AA647F00078A28F /* PostsAPICall.swift */ = {isa = PBXFileReference; lastKnownFileType = sourcecode.swift; path = PostsAPICall.swift; sourceTree = "<group>"; };
		4E9FC3722AA648E50078A28F /* NewsDetail.swift */ = {isa = PBXFileReference; lastKnownFileType = sourcecode.swift; path = NewsDetail.swift; sourceTree = "<group>"; };
		4E9FC3742AA742130078A28F /* SinglePostsAPICall.swift */ = {isa = PBXFileReference; lastKnownFileType = sourcecode.swift; path = SinglePostsAPICall.swift; sourceTree = "<group>"; };
		4E9FC3772AA74D8F0078A28F /* LaunchScreenView.swift */ = {isa = PBXFileReference; lastKnownFileType = sourcecode.swift; path = LaunchScreenView.swift; sourceTree = "<group>"; };
		4E9FC37D2AA7559B0078A28F /* LeaguesAPICall.swift */ = {isa = PBXFileReference; lastKnownFileType = sourcecode.swift; path = LeaguesAPICall.swift; sourceTree = "<group>"; };
		4E9FC37F2AA756130078A28F /* LeagueData.swift */ = {isa = PBXFileReference; lastKnownFileType = sourcecode.swift; path = LeagueData.swift; sourceTree = "<group>"; };
		4E9FC3822AA7B6040078A28F /* Roboto-Italic.ttf */ = {isa = PBXFileReference; lastKnownFileType = file; path = "Roboto-Italic.ttf"; sourceTree = "<group>"; };
		4E9FC3832AA7B6040078A28F /* Roboto-Bold.ttf */ = {isa = PBXFileReference; lastKnownFileType = file; path = "Roboto-Bold.ttf"; sourceTree = "<group>"; };
		4E9FC3842AA7B6040078A28F /* Roboto-Medium.ttf */ = {isa = PBXFileReference; lastKnownFileType = file; path = "Roboto-Medium.ttf"; sourceTree = "<group>"; };
		4E9FC3852AA7B6040078A28F /* Roboto-MediumItalic.ttf */ = {isa = PBXFileReference; lastKnownFileType = file; path = "Roboto-MediumItalic.ttf"; sourceTree = "<group>"; };
		4E9FC3862AA7B6040078A28F /* Roboto-Black.ttf */ = {isa = PBXFileReference; lastKnownFileType = file; path = "Roboto-Black.ttf"; sourceTree = "<group>"; };
		4E9FC3872AA7B6040078A28F /* Roboto-Regular.ttf */ = {isa = PBXFileReference; lastKnownFileType = file; path = "Roboto-Regular.ttf"; sourceTree = "<group>"; };
		4E9FC3882AA7B6040078A28F /* Roboto-Thin.ttf */ = {isa = PBXFileReference; lastKnownFileType = file; path = "Roboto-Thin.ttf"; sourceTree = "<group>"; };
		4E9FC3892AA7B6040078A28F /* Roboto-BlackItalic.ttf */ = {isa = PBXFileReference; lastKnownFileType = file; path = "Roboto-BlackItalic.ttf"; sourceTree = "<group>"; };
		4E9FC38A2AA7B6040078A28F /* Roboto-ThinItalic.ttf */ = {isa = PBXFileReference; lastKnownFileType = file; path = "Roboto-ThinItalic.ttf"; sourceTree = "<group>"; };
		4E9FC38B2AA7B6050078A28F /* Roboto-BoldItalic.ttf */ = {isa = PBXFileReference; lastKnownFileType = file; path = "Roboto-BoldItalic.ttf"; sourceTree = "<group>"; };
		4E9FC38C2AA7B6050078A28F /* Roboto-LightItalic.ttf */ = {isa = PBXFileReference; lastKnownFileType = file; path = "Roboto-LightItalic.ttf"; sourceTree = "<group>"; };
		4E9FC38D2AA7B6050078A28F /* Roboto-Light.ttf */ = {isa = PBXFileReference; lastKnownFileType = file; path = "Roboto-Light.ttf"; sourceTree = "<group>"; };
		4EFB86142AA8AEF10037B79D /* Navbar.swift */ = {isa = PBXFileReference; lastKnownFileType = sourcecode.swift; path = Navbar.swift; sourceTree = "<group>"; };
		4EFB86162AA8B6D70037B79D /* NavbarNews.swift */ = {isa = PBXFileReference; lastKnownFileType = sourcecode.swift; path = NavbarNews.swift; sourceTree = "<group>"; };
/* End PBXFileReference section */

/* Begin PBXFrameworksBuildPhase section */
		4E9FC31E2AA49FB40078A28F /* Frameworks */ = {
			isa = PBXFrameworksBuildPhase;
			buildActionMask = 2147483647;
			files = (
				4E9FC3692AA62BC60078A28F /* Kingfisher in Frameworks */,
				4E9FC39C2AA7B95E0078A28F /* SwiftSoup in Frameworks */,
				4E9FC3402AA4A5390078A28F /* FirebaseMessaging in Frameworks */,
				4EFB86122AA89F1C0037B79D /* WebView in Frameworks */,
				4E9FC33E2AA4A5390078A28F /* FirebaseAnalytics in Frameworks */,
			);
			runOnlyForDeploymentPostprocessing = 0;
		};
/* End PBXFrameworksBuildPhase section */

/* Begin PBXGroup section */
		4E4776712AAC4CCD009B834C /* Tabels */ = {
			isa = PBXGroup;
			children = (
				4E4776822AAC51DA009B834C /* LeagueTable.swift */,
			);
			path = Tabels;
			sourceTree = "<group>";
		};
		4E4776882AADB408009B834C /* TEST_VIEWS */ = {
			isa = PBXGroup;
			children = (
				4E4776892AADB432009B834C /* MatchCard.swift */,
			);
			path = TEST_VIEWS;
			sourceTree = "<group>";
		};
		4E92E0732AA90549005879E6 /* Extension */ = {
			isa = PBXGroup;
			children = (
				4E92E0742AA90567005879E6 /* String.swift */,
				4E92E0762AA90641005879E6 /* WebView.swift */,
			);
			path = Extension;
			sourceTree = "<group>";
		};
		4E9FC3182AA49FB40078A28F = {
			isa = PBXGroup;
			children = (
				4E9FC3232AA49FB40078A28F /* AMP */,
				4E9FC3222AA49FB40078A28F /* Products */,
			);
			sourceTree = "<group>";
		};
		4E9FC3222AA49FB40078A28F /* Products */ = {
			isa = PBXGroup;
			children = (
				4E9FC3212AA49FB40078A28F /* AMP.app */,
			);
			name = Products;
			sourceTree = "<group>";
		};
		4E9FC3232AA49FB40078A28F /* AMP */ = {
			isa = PBXGroup;
			children = (
				4E9FC3412AA4A6D40078A28F /* AMP.entitlements */,
				4E9FC3242AA49FB40078A28F /* AMPApp.swift */,
				4E9FC33A2AA4A35F0078A28F /* AppDelegate.swift */,
				4E9FC3262AA49FB40078A28F /* ContentView.swift */,
				4E9FC3452AA4BB260078A28F /* Views */,
				4E9FC3462AA4BB2C0078A28F /* Models */,
				4E9FC3532AA4D88A0078A28F /* Navigation */,
				4E9FC3422AA4BA6F0078A28F /* Utilities+Extensions  */,
				4E9FC3572AA4DB680078A28F /* API */,
				4E9FC3282AA49FB80078A28F /* Assets.xcassets */,
				4E9FC3322AA49FB80078A28F /* Info.plist */,
				4E9FC3382AA4A1490078A28F /* GoogleService-Info.plist */,
				4E9FC32F2AA49FB80078A28F /* AMP.xcdatamodeld */,
				4E4776882AADB408009B834C /* TEST_VIEWS */,
				4E92E0732AA90549005879E6 /* Extension */,
				4E9FC3812AA7B5D00078A28F /* Fonts */,
				4E9FC32A2AA49FB80078A28F /* Preview Content */,
			);
			path = AMP;
			sourceTree = "<group>";
		};
		4E9FC32A2AA49FB80078A28F /* Preview Content */ = {
			isa = PBXGroup;
			children = (
				4E9FC32B2AA49FB80078A28F /* Preview Assets.xcassets */,
			);
			path = "Preview Content";
			sourceTree = "<group>";
		};
		4E9FC3422AA4BA6F0078A28F /* Utilities+Extensions  */ = {
			isa = PBXGroup;
			children = (
				4E9FC3432AA4BA7C0078A28F /* DeepLinker.swift */,
				4E9FC36A2AA62D1F0078A28F /* Functions.swift */,
			);
			path = "Utilities+Extensions ";
			sourceTree = "<group>";
		};
		4E9FC3452AA4BB260078A28F /* Views */ = {
			isa = PBXGroup;
			children = (
				4E4776712AAC4CCD009B834C /* Tabels */,
				4EFB86132AA8AED90037B79D /* Navbar */,
				4E9FC3762AA74C6E0078A28F /* LunchScreen */,
				4E9FC3472AA4BCA60078A28F /* Home.swift */,
				4E9FC3492AA4C5300078A28F /* Matchs.swift */,
				4E9FC35D2AA4E4250078A28F /* MatchDetail.swift */,
				4E9FC34B2AA4C5800078A28F /* League.swift */,
				4E9FC34D2AA4C5AC0078A28F /* News.swift */,
				4E9FC3722AA648E50078A28F /* NewsDetail.swift */,
				4E9FC34F2AA4C5CC0078A28F /* Settings.swift */,
				4E9FC3512AA4D7830078A28F /* InvalidView.swift */,
				4E4776862AAC5362009B834C /* TeamView.swift */,
			);
			path = Views;
			sourceTree = "<group>";
		};
		4E9FC3462AA4BB2C0078A28F /* Models */ = {
			isa = PBXGroup;
			children = (
			);
			path = Models;
			sourceTree = "<group>";
		};
		4E9FC3532AA4D88A0078A28F /* Navigation */ = {
			isa = PBXGroup;
			children = (
				4E9FC35F2AA4E7830078A28F /* NavigationRouter.swift */,
				4E9FC3612AA4E7B20078A28F /* Route.swift */,
				4E9FC3632AA518640078A28F /* RouteFinder.swift */,
			);
			path = Navigation;
			sourceTree = "<group>";
		};
		4E9FC3542AA4DB2B0078A28F /* APICalls */ = {
			isa = PBXGroup;
			children = (
				4E9FC35B2AA4DC390078A28F /* MatchsAPICall.swift */,
				4E9FC36C2AA6383F0078A28F /* SingleMatchsAPICall.swift */,
				4E9FC3702AA647F00078A28F /* PostsAPICall.swift */,
				4E9FC3742AA742130078A28F /* SinglePostsAPICall.swift */,
				4E9FC37D2AA7559B0078A28F /* LeaguesAPICall.swift */,
				4E4776762AAC4D94009B834C /* TablesAPICall.swift */,
				4E4776782AAC4D9F009B834C /* SingleTableAPICall.swift */,
				4E47767C2AAC4EBB009B834C /* TeamsAPICall.swift */,
				4E47767E2AAC4EC7009B834C /* SingleTeamAPICall.swift */,
				4E47768B2AADD9EF009B834C /* PlayersAPICall.swift */,
			);
			path = APICalls;
			sourceTree = "<group>";
		};
		4E9FC3572AA4DB680078A28F /* API */ = {
			isa = PBXGroup;
			children = (
				4E9FC3542AA4DB2B0078A28F /* APICalls */,
				4E9FC3582AA4DB900078A28F /* APISchema */,
			);
			path = API;
			sourceTree = "<group>";
		};
		4E9FC3582AA4DB900078A28F /* APISchema */ = {
			isa = PBXGroup;
			children = (
				4E9FC3592AA4DBE50078A28F /* Match.swift */,
				4E9FC36E2AA647B90078A28F /* Post.swift */,
				4E9FC37F2AA756130078A28F /* LeagueData.swift */,
				4E4776722AAC4D17009B834C /* Table.swift */,
				4E4776802AAC4EEB009B834C /* Team.swift */,
				4E47768D2AADDA15009B834C /* Player.swift */,
			);
			path = APISchema;
			sourceTree = "<group>";
		};
		4E9FC3762AA74C6E0078A28F /* LunchScreen */ = {
			isa = PBXGroup;
			children = (
				4E9FC3772AA74D8F0078A28F /* LaunchScreenView.swift */,
			);
			path = LunchScreen;
			sourceTree = "<group>";
		};
		4E9FC3812AA7B5D00078A28F /* Fonts */ = {
			isa = PBXGroup;
			children = (
				4E9FC3862AA7B6040078A28F /* Roboto-Black.ttf */,
				4E9FC3892AA7B6040078A28F /* Roboto-BlackItalic.ttf */,
				4E9FC3832AA7B6040078A28F /* Roboto-Bold.ttf */,
				4E9FC38B2AA7B6050078A28F /* Roboto-BoldItalic.ttf */,
				4E9FC3822AA7B6040078A28F /* Roboto-Italic.ttf */,
				4E9FC38D2AA7B6050078A28F /* Roboto-Light.ttf */,
				4E9FC38C2AA7B6050078A28F /* Roboto-LightItalic.ttf */,
				4E9FC3842AA7B6040078A28F /* Roboto-Medium.ttf */,
				4E9FC3852AA7B6040078A28F /* Roboto-MediumItalic.ttf */,
				4E9FC3872AA7B6040078A28F /* Roboto-Regular.ttf */,
				4E9FC3882AA7B6040078A28F /* Roboto-Thin.ttf */,
				4E9FC38A2AA7B6040078A28F /* Roboto-ThinItalic.ttf */,
			);
			path = Fonts;
			sourceTree = "<group>";
		};
		4EFB86132AA8AED90037B79D /* Navbar */ = {
			isa = PBXGroup;
			children = (
				4EFB86142AA8AEF10037B79D /* Navbar.swift */,
				4EFB86162AA8B6D70037B79D /* NavbarNews.swift */,
			);
			path = Navbar;
			sourceTree = "<group>";
		};
/* End PBXGroup section */

/* Begin PBXNativeTarget section */
		4E9FC3202AA49FB40078A28F /* AMP */ = {
			isa = PBXNativeTarget;
			buildConfigurationList = 4E9FC3352AA49FB80078A28F /* Build configuration list for PBXNativeTarget "AMP" */;
			buildPhases = (
				4E9FC31D2AA49FB40078A28F /* Sources */,
				4E9FC31E2AA49FB40078A28F /* Frameworks */,
				4E9FC31F2AA49FB40078A28F /* Resources */,
			);
			buildRules = (
			);
			dependencies = (
			);
			name = AMP;
			packageProductDependencies = (
				4E9FC33D2AA4A5390078A28F /* FirebaseAnalytics */,
				4E9FC33F2AA4A5390078A28F /* FirebaseMessaging */,
				4E9FC3682AA62BC60078A28F /* Kingfisher */,
				4E9FC39B2AA7B95E0078A28F /* SwiftSoup */,
				4EFB86112AA89F1C0037B79D /* WebView */,
			);
			productName = AMP;
			productReference = 4E9FC3212AA49FB40078A28F /* AMP.app */;
			productType = "com.apple.product-type.application";
		};
/* End PBXNativeTarget section */

/* Begin PBXProject section */
		4E9FC3192AA49FB40078A28F /* Project object */ = {
			isa = PBXProject;
			attributes = {
				BuildIndependentTargetsInParallel = 1;
				LastSwiftUpdateCheck = 1430;
				LastUpgradeCheck = 1430;
				TargetAttributes = {
					4E9FC3202AA49FB40078A28F = {
						CreatedOnToolsVersion = 14.3.1;
					};
				};
			};
			buildConfigurationList = 4E9FC31C2AA49FB40078A28F /* Build configuration list for PBXProject "AMP" */;
			compatibilityVersion = "Xcode 14.0";
			developmentRegion = en;
			hasScannedForEncodings = 0;
			knownRegions = (
				en,
				Base,
			);
			mainGroup = 4E9FC3182AA49FB40078A28F;
			packageReferences = (
				4E9FC33C2AA4A5390078A28F /* XCRemoteSwiftPackageReference "firebase-ios-sdk" */,
				4E9FC3672AA62BC50078A28F /* XCRemoteSwiftPackageReference "Kingfisher" */,
				4E9FC39A2AA7B95D0078A28F /* XCRemoteSwiftPackageReference "SwiftSoup" */,
				4EFB86102AA89F1C0037B79D /* XCRemoteSwiftPackageReference "SwiftUI-WebView" */,
			);
			productRefGroup = 4E9FC3222AA49FB40078A28F /* Products */;
			projectDirPath = "";
			projectRoot = "";
			targets = (
				4E9FC3202AA49FB40078A28F /* AMP */,
			);
		};
/* End PBXProject section */

/* Begin PBXResourcesBuildPhase section */
		4E9FC31F2AA49FB40078A28F /* Resources */ = {
			isa = PBXResourcesBuildPhase;
			buildActionMask = 2147483647;
			files = (
				4E9FC3962AA7B6050078A28F /* Roboto-ThinItalic.ttf in Resources */,
				4E9FC32C2AA49FB80078A28F /* Preview Assets.xcassets in Resources */,
				4E9FC3992AA7B6050078A28F /* Roboto-Light.ttf in Resources */,
				4E9FC3982AA7B6050078A28F /* Roboto-LightItalic.ttf in Resources */,
				4E9FC38E2AA7B6050078A28F /* Roboto-Italic.ttf in Resources */,
				4E9FC3902AA7B6050078A28F /* Roboto-Medium.ttf in Resources */,
				4E9FC3972AA7B6050078A28F /* Roboto-BoldItalic.ttf in Resources */,
				4E9FC3922AA7B6050078A28F /* Roboto-Black.ttf in Resources */,
				4E9FC38F2AA7B6050078A28F /* Roboto-Bold.ttf in Resources */,
				4E9FC3912AA7B6050078A28F /* Roboto-MediumItalic.ttf in Resources */,
				4E9FC3952AA7B6050078A28F /* Roboto-BlackItalic.ttf in Resources */,
				4E9FC3932AA7B6050078A28F /* Roboto-Regular.ttf in Resources */,
				4E9FC3292AA49FB80078A28F /* Assets.xcassets in Resources */,
				4E9FC3942AA7B6050078A28F /* Roboto-Thin.ttf in Resources */,
				4E9FC3392AA4A1490078A28F /* GoogleService-Info.plist in Resources */,
			);
			runOnlyForDeploymentPostprocessing = 0;
		};
/* End PBXResourcesBuildPhase section */

/* Begin PBXSourcesBuildPhase section */
		4E9FC31D2AA49FB40078A28F /* Sources */ = {
			isa = PBXSourcesBuildPhase;
			buildActionMask = 2147483647;
			files = (
				4E47767F2AAC4EC7009B834C /* SingleTeamAPICall.swift in Sources */,
				4E9FC35E2AA4E4250078A28F /* MatchDetail.swift in Sources */,
				4E4776812AAC4EEB009B834C /* Team.swift in Sources */,
				4E9FC3522AA4D7830078A28F /* InvalidView.swift in Sources */,
				4E9FC35C2AA4DC390078A28F /* MatchsAPICall.swift in Sources */,
				4E92E0772AA90641005879E6 /* WebView.swift in Sources */,
				4E9FC34A2AA4C5300078A28F /* Matchs.swift in Sources */,
				4E9FC36D2AA6383F0078A28F /* SingleMatchsAPICall.swift in Sources */,
				4E9FC3782AA74D8F0078A28F /* LaunchScreenView.swift in Sources */,
				4E9FC33B2AA4A35F0078A28F /* AppDelegate.swift in Sources */,
				4E9FC3622AA4E7B20078A28F /* Route.swift in Sources */,
				4E9FC34C2AA4C5800078A28F /* League.swift in Sources */,
				4E9FC37E2AA7559B0078A28F /* LeaguesAPICall.swift in Sources */,
				4E47768C2AADD9EF009B834C /* PlayersAPICall.swift in Sources */,
				4E4776872AAC5362009B834C /* TeamView.swift in Sources */,
				4E9FC34E2AA4C5AC0078A28F /* News.swift in Sources */,
				4E9FC3732AA648E50078A28F /* NewsDetail.swift in Sources */,
				4E4776732AAC4D17009B834C /* Table.swift in Sources */,
				4E92E0752AA90567005879E6 /* String.swift in Sources */,
				4E9FC3502AA4C5CC0078A28F /* Settings.swift in Sources */,
				4E4776832AAC51DA009B834C /* LeagueTable.swift in Sources */,
				4E47768A2AADB432009B834C /* MatchCard.swift in Sources */,
				4E9FC3642AA518640078A28F /* RouteFinder.swift in Sources */,
				4E9FC3602AA4E7830078A28F /* NavigationRouter.swift in Sources */,
				4E9FC36F2AA647B90078A28F /* Post.swift in Sources */,
				4E9FC36B2AA62D1F0078A28F /* Functions.swift in Sources */,
				4E9FC3272AA49FB40078A28F /* ContentView.swift in Sources */,
				4E47768E2AADDA15009B834C /* Player.swift in Sources */,
				4E9FC3312AA49FB80078A28F /* AMP.xcdatamodeld in Sources */,
				4E9FC3712AA647F00078A28F /* PostsAPICall.swift in Sources */,
				4EFB86172AA8B6D70037B79D /* NavbarNews.swift in Sources */,
				4EFB86152AA8AEF10037B79D /* Navbar.swift in Sources */,
				4E9FC35A2AA4DBE50078A28F /* Match.swift in Sources */,
				4E4776772AAC4D94009B834C /* TablesAPICall.swift in Sources */,
				4E9FC3752AA742130078A28F /* SinglePostsAPICall.swift in Sources */,
				4E9FC3442AA4BA7C0078A28F /* DeepLinker.swift in Sources */,
				4E9FC3482AA4BCA60078A28F /* Home.swift in Sources */,
				4E9FC3802AA756130078A28F /* LeagueData.swift in Sources */,
				4E47767D2AAC4EBB009B834C /* TeamsAPICall.swift in Sources */,
				4E9FC3252AA49FB40078A28F /* AMPApp.swift in Sources */,
				4E4776792AAC4D9F009B834C /* SingleTableAPICall.swift in Sources */,
			);
			runOnlyForDeploymentPostprocessing = 0;
		};
/* End PBXSourcesBuildPhase section */

/* Begin XCBuildConfiguration section */
		4E9FC3332AA49FB80078A28F /* Debug */ = {
			isa = XCBuildConfiguration;
			buildSettings = {
				ALWAYS_SEARCH_USER_PATHS = NO;
				CLANG_ANALYZER_NONNULL = YES;
				CLANG_ANALYZER_NUMBER_OBJECT_CONVERSION = YES_AGGRESSIVE;
				CLANG_CXX_LANGUAGE_STANDARD = "gnu++20";
				CLANG_ENABLE_MODULES = YES;
				CLANG_ENABLE_OBJC_ARC = YES;
				CLANG_ENABLE_OBJC_WEAK = YES;
				CLANG_WARN_BLOCK_CAPTURE_AUTORELEASING = YES;
				CLANG_WARN_BOOL_CONVERSION = YES;
				CLANG_WARN_COMMA = YES;
				CLANG_WARN_CONSTANT_CONVERSION = YES;
				CLANG_WARN_DEPRECATED_OBJC_IMPLEMENTATIONS = YES;
				CLANG_WARN_DIRECT_OBJC_ISA_USAGE = YES_ERROR;
				CLANG_WARN_DOCUMENTATION_COMMENTS = YES;
				CLANG_WARN_EMPTY_BODY = YES;
				CLANG_WARN_ENUM_CONVERSION = YES;
				CLANG_WARN_INFINITE_RECURSION = YES;
				CLANG_WARN_INT_CONVERSION = YES;
				CLANG_WARN_NON_LITERAL_NULL_CONVERSION = YES;
				CLANG_WARN_OBJC_IMPLICIT_RETAIN_SELF = YES;
				CLANG_WARN_OBJC_LITERAL_CONVERSION = YES;
				CLANG_WARN_OBJC_ROOT_CLASS = YES_ERROR;
				CLANG_WARN_QUOTED_INCLUDE_IN_FRAMEWORK_HEADER = YES;
				CLANG_WARN_RANGE_LOOP_ANALYSIS = YES;
				CLANG_WARN_STRICT_PROTOTYPES = YES;
				CLANG_WARN_SUSPICIOUS_MOVE = YES;
				CLANG_WARN_UNGUARDED_AVAILABILITY = YES_AGGRESSIVE;
				CLANG_WARN_UNREACHABLE_CODE = YES;
				CLANG_WARN__DUPLICATE_METHOD_MATCH = YES;
				COPY_PHASE_STRIP = NO;
				DEBUG_INFORMATION_FORMAT = dwarf;
				ENABLE_STRICT_OBJC_MSGSEND = YES;
				ENABLE_TESTABILITY = YES;
				GCC_C_LANGUAGE_STANDARD = gnu11;
				GCC_DYNAMIC_NO_PIC = NO;
				GCC_NO_COMMON_BLOCKS = YES;
				GCC_OPTIMIZATION_LEVEL = 0;
				GCC_PREPROCESSOR_DEFINITIONS = (
					"DEBUG=1",
					"$(inherited)",
				);
				GCC_WARN_64_TO_32_BIT_CONVERSION = YES;
				GCC_WARN_ABOUT_RETURN_TYPE = YES_ERROR;
				GCC_WARN_UNDECLARED_SELECTOR = YES;
				GCC_WARN_UNINITIALIZED_AUTOS = YES_AGGRESSIVE;
				GCC_WARN_UNUSED_FUNCTION = YES;
				GCC_WARN_UNUSED_VARIABLE = YES;
				IPHONEOS_DEPLOYMENT_TARGET = 16.4;
				MTL_ENABLE_DEBUG_INFO = INCLUDE_SOURCE;
				MTL_FAST_MATH = YES;
				ONLY_ACTIVE_ARCH = YES;
				SDKROOT = iphoneos;
				SWIFT_ACTIVE_COMPILATION_CONDITIONS = DEBUG;
				SWIFT_OPTIMIZATION_LEVEL = "-Onone";
			};
			name = Debug;
		};
		4E9FC3342AA49FB80078A28F /* Release */ = {
			isa = XCBuildConfiguration;
			buildSettings = {
				ALWAYS_SEARCH_USER_PATHS = NO;
				CLANG_ANALYZER_NONNULL = YES;
				CLANG_ANALYZER_NUMBER_OBJECT_CONVERSION = YES_AGGRESSIVE;
				CLANG_CXX_LANGUAGE_STANDARD = "gnu++20";
				CLANG_ENABLE_MODULES = YES;
				CLANG_ENABLE_OBJC_ARC = YES;
				CLANG_ENABLE_OBJC_WEAK = YES;
				CLANG_WARN_BLOCK_CAPTURE_AUTORELEASING = YES;
				CLANG_WARN_BOOL_CONVERSION = YES;
				CLANG_WARN_COMMA = YES;
				CLANG_WARN_CONSTANT_CONVERSION = YES;
				CLANG_WARN_DEPRECATED_OBJC_IMPLEMENTATIONS = YES;
				CLANG_WARN_DIRECT_OBJC_ISA_USAGE = YES_ERROR;
				CLANG_WARN_DOCUMENTATION_COMMENTS = YES;
				CLANG_WARN_EMPTY_BODY = YES;
				CLANG_WARN_ENUM_CONVERSION = YES;
				CLANG_WARN_INFINITE_RECURSION = YES;
				CLANG_WARN_INT_CONVERSION = YES;
				CLANG_WARN_NON_LITERAL_NULL_CONVERSION = YES;
				CLANG_WARN_OBJC_IMPLICIT_RETAIN_SELF = YES;
				CLANG_WARN_OBJC_LITERAL_CONVERSION = YES;
				CLANG_WARN_OBJC_ROOT_CLASS = YES_ERROR;
				CLANG_WARN_QUOTED_INCLUDE_IN_FRAMEWORK_HEADER = YES;
				CLANG_WARN_RANGE_LOOP_ANALYSIS = YES;
				CLANG_WARN_STRICT_PROTOTYPES = YES;
				CLANG_WARN_SUSPICIOUS_MOVE = YES;
				CLANG_WARN_UNGUARDED_AVAILABILITY = YES_AGGRESSIVE;
				CLANG_WARN_UNREACHABLE_CODE = YES;
				CLANG_WARN__DUPLICATE_METHOD_MATCH = YES;
				COPY_PHASE_STRIP = NO;
				DEBUG_INFORMATION_FORMAT = "dwarf-with-dsym";
				ENABLE_NS_ASSERTIONS = NO;
				ENABLE_STRICT_OBJC_MSGSEND = YES;
				GCC_C_LANGUAGE_STANDARD = gnu11;
				GCC_NO_COMMON_BLOCKS = YES;
				GCC_WARN_64_TO_32_BIT_CONVERSION = YES;
				GCC_WARN_ABOUT_RETURN_TYPE = YES_ERROR;
				GCC_WARN_UNDECLARED_SELECTOR = YES;
				GCC_WARN_UNINITIALIZED_AUTOS = YES_AGGRESSIVE;
				GCC_WARN_UNUSED_FUNCTION = YES;
				GCC_WARN_UNUSED_VARIABLE = YES;
				IPHONEOS_DEPLOYMENT_TARGET = 16.4;
				MTL_ENABLE_DEBUG_INFO = NO;
				MTL_FAST_MATH = YES;
				SDKROOT = iphoneos;
				SWIFT_COMPILATION_MODE = wholemodule;
				SWIFT_OPTIMIZATION_LEVEL = "-O";
				VALIDATE_PRODUCT = YES;
			};
			name = Release;
		};
		4E9FC3362AA49FB80078A28F /* Debug */ = {
			isa = XCBuildConfiguration;
			buildSettings = {
				ASSETCATALOG_COMPILER_APPICON_NAME = AppIcon;
				ASSETCATALOG_COMPILER_GLOBAL_ACCENT_COLOR_NAME = AccentColor;
				CODE_SIGN_ENTITLEMENTS = AMP/AMP.entitlements;
				CODE_SIGN_STYLE = Automatic;
				CURRENT_PROJECT_VERSION = 1;
				DEVELOPMENT_ASSET_PATHS = "\"AMP/Preview Content\"";
				DEVELOPMENT_TEAM = 2MTVPQ75PS;
				ENABLE_PREVIEWS = YES;
				GENERATE_INFOPLIST_FILE = YES;
				INFOPLIST_FILE = AMP/Info.plist;
				INFOPLIST_KEY_UIApplicationSceneManifest_Generation = YES;
				INFOPLIST_KEY_UIApplicationSupportsIndirectInputEvents = YES;
				INFOPLIST_KEY_UILaunchScreen_Generation = YES;
				INFOPLIST_KEY_UISupportedInterfaceOrientations_iPad = "UIInterfaceOrientationPortrait UIInterfaceOrientationPortraitUpsideDown UIInterfaceOrientationLandscapeLeft UIInterfaceOrientationLandscapeRight";
				INFOPLIST_KEY_UISupportedInterfaceOrientations_iPhone = "UIInterfaceOrientationPortrait UIInterfaceOrientationLandscapeLeft UIInterfaceOrientationLandscapeRight";
				LD_RUNPATH_SEARCH_PATHS = (
					"$(inherited)",
					"@executable_path/Frameworks",
				);
				MARKETING_VERSION = 1.0;
				PRODUCT_BUNDLE_IDENTIFIER = com.amatorkamp.ios;
				PRODUCT_NAME = "$(TARGET_NAME)";
				SWIFT_EMIT_LOC_STRINGS = YES;
				SWIFT_VERSION = 5.0;
				TARGETED_DEVICE_FAMILY = "1,2";
			};
			name = Debug;
		};
		4E9FC3372AA49FB80078A28F /* Release */ = {
			isa = XCBuildConfiguration;
			buildSettings = {
				ASSETCATALOG_COMPILER_APPICON_NAME = AppIcon;
				ASSETCATALOG_COMPILER_GLOBAL_ACCENT_COLOR_NAME = AccentColor;
				CODE_SIGN_ENTITLEMENTS = AMP/AMP.entitlements;
				CODE_SIGN_STYLE = Automatic;
				CURRENT_PROJECT_VERSION = 1;
				DEVELOPMENT_ASSET_PATHS = "\"AMP/Preview Content\"";
				DEVELOPMENT_TEAM = 2MTVPQ75PS;
				ENABLE_PREVIEWS = YES;
				GENERATE_INFOPLIST_FILE = YES;
				INFOPLIST_FILE = AMP/Info.plist;
				INFOPLIST_KEY_UIApplicationSceneManifest_Generation = YES;
				INFOPLIST_KEY_UIApplicationSupportsIndirectInputEvents = YES;
				INFOPLIST_KEY_UILaunchScreen_Generation = YES;
				INFOPLIST_KEY_UISupportedInterfaceOrientations_iPad = "UIInterfaceOrientationPortrait UIInterfaceOrientationPortraitUpsideDown UIInterfaceOrientationLandscapeLeft UIInterfaceOrientationLandscapeRight";
				INFOPLIST_KEY_UISupportedInterfaceOrientations_iPhone = "UIInterfaceOrientationPortrait UIInterfaceOrientationLandscapeLeft UIInterfaceOrientationLandscapeRight";
				LD_RUNPATH_SEARCH_PATHS = (
					"$(inherited)",
					"@executable_path/Frameworks",
				);
				MARKETING_VERSION = 1.0;
				PRODUCT_BUNDLE_IDENTIFIER = com.amatorkamp.ios;
				PRODUCT_NAME = "$(TARGET_NAME)";
				SWIFT_EMIT_LOC_STRINGS = YES;
				SWIFT_VERSION = 5.0;
				TARGETED_DEVICE_FAMILY = "1,2";
			};
			name = Release;
		};
/* End XCBuildConfiguration section */

/* Begin XCConfigurationList section */
		4E9FC31C2AA49FB40078A28F /* Build configuration list for PBXProject "AMP" */ = {
			isa = XCConfigurationList;
			buildConfigurations = (
				4E9FC3332AA49FB80078A28F /* Debug */,
				4E9FC3342AA49FB80078A28F /* Release */,
			);
			defaultConfigurationIsVisible = 0;
			defaultConfigurationName = Release;
		};
		4E9FC3352AA49FB80078A28F /* Build configuration list for PBXNativeTarget "AMP" */ = {
			isa = XCConfigurationList;
			buildConfigurations = (
				4E9FC3362AA49FB80078A28F /* Debug */,
				4E9FC3372AA49FB80078A28F /* Release */,
			);
			defaultConfigurationIsVisible = 0;
			defaultConfigurationName = Release;
		};
/* End XCConfigurationList section */

/* Begin XCRemoteSwiftPackageReference section */
		4E9FC33C2AA4A5390078A28F /* XCRemoteSwiftPackageReference "firebase-ios-sdk" */ = {
			isa = XCRemoteSwiftPackageReference;
			repositoryURL = "https://github.com/firebase/firebase-ios-sdk";
			requirement = {
				kind = upToNextMajorVersion;
				minimumVersion = 10.0.0;
			};
		};
		4E9FC3672AA62BC50078A28F /* XCRemoteSwiftPackageReference "Kingfisher" */ = {
			isa = XCRemoteSwiftPackageReference;
			repositoryURL = "https://github.com/onevcat/Kingfisher.git";
			requirement = {
				kind = upToNextMajorVersion;
				minimumVersion = 7.0.0;
			};
		};
		4E9FC39A2AA7B95D0078A28F /* XCRemoteSwiftPackageReference "SwiftSoup" */ = {
			isa = XCRemoteSwiftPackageReference;
			repositoryURL = "https://github.com/scinfu/SwiftSoup";
			requirement = {
				kind = upToNextMajorVersion;
				minimumVersion = 2.0.0;
			};
		};
		4EFB86102AA89F1C0037B79D /* XCRemoteSwiftPackageReference "SwiftUI-WebView" */ = {
			isa = XCRemoteSwiftPackageReference;
			repositoryURL = "https://github.com/kylehickinson/SwiftUI-WebView";
			requirement = {
				kind = upToNextMajorVersion;
				minimumVersion = 0.3.0;
			};
		};
/* End XCRemoteSwiftPackageReference section */

/* Begin XCSwiftPackageProductDependency section */
		4E9FC33D2AA4A5390078A28F /* FirebaseAnalytics */ = {
			isa = XCSwiftPackageProductDependency;
			package = 4E9FC33C2AA4A5390078A28F /* XCRemoteSwiftPackageReference "firebase-ios-sdk" */;
			productName = FirebaseAnalytics;
		};
		4E9FC33F2AA4A5390078A28F /* FirebaseMessaging */ = {
			isa = XCSwiftPackageProductDependency;
			package = 4E9FC33C2AA4A5390078A28F /* XCRemoteSwiftPackageReference "firebase-ios-sdk" */;
			productName = FirebaseMessaging;
		};
		4E9FC3682AA62BC60078A28F /* Kingfisher */ = {
			isa = XCSwiftPackageProductDependency;
			package = 4E9FC3672AA62BC50078A28F /* XCRemoteSwiftPackageReference "Kingfisher" */;
			productName = Kingfisher;
		};
		4E9FC39B2AA7B95E0078A28F /* SwiftSoup */ = {
			isa = XCSwiftPackageProductDependency;
			package = 4E9FC39A2AA7B95D0078A28F /* XCRemoteSwiftPackageReference "SwiftSoup" */;
			productName = SwiftSoup;
		};
		4EFB86112AA89F1C0037B79D /* WebView */ = {
			isa = XCSwiftPackageProductDependency;
			package = 4EFB86102AA89F1C0037B79D /* XCRemoteSwiftPackageReference "SwiftUI-WebView" */;
			productName = WebView;
		};
/* End XCSwiftPackageProductDependency section */

/* Begin XCVersionGroup section */
		4E9FC32F2AA49FB80078A28F /* AMP.xcdatamodeld */ = {
			isa = XCVersionGroup;
			children = (
				4E9FC3302AA49FB80078A28F /* AMP.xcdatamodel */,
			);
			currentVersion = 4E9FC3302AA49FB80078A28F /* AMP.xcdatamodel */;
			path = AMP.xcdatamodeld;
			sourceTree = "<group>";
			versionGroupType = wrapper.xcdatamodel;
		};
/* End XCVersionGroup section */
	};
	rootObject = 4E9FC3192AA49FB40078A28F /* Project object */;
}
